// !$*UTF8*$!
{
	archiveVersion = 1;
	classes = {
	};
	objectVersion = 46;
	objects = {

/* Begin PBXBuildFile section */
		07042001E0D1A31761702B1C /* libPods-CrosswordSolverTests.a in Frameworks */ = {isa = PBXBuildFile; fileRef = AC5D610D54899BC0A35303B3 /* libPods-CrosswordSolverTests.a */; };
		A0C104370BE6DC2D649CF7F9 /* libPods-CrosswordSolver.a in Frameworks */ = {isa = PBXBuildFile; fileRef = 7D337DC9F6CB41780AE8CF46 /* libPods-CrosswordSolver.a */; };
		E530707E1D7AAE9A009C8BB6 /* tessdata in Resources */ = {isa = PBXBuildFile; fileRef = E5793F861D7AA3B200123B4C /* tessdata */; };
		E53438121DA1C2A5006B719F /* ProcessedClueTableViewCell.m in Sources */ = {isa = PBXBuildFile; fileRef = E53438101DA1C2A5006B719F /* ProcessedClueTableViewCell.m */; };
		E53438131DA1C2A5006B719F /* ProcessedClueTableViewCell.xib in Resources */ = {isa = PBXBuildFile; fileRef = E53438111DA1C2A5006B719F /* ProcessedClueTableViewCell.xib */; };
		E557077A1D7B3DAA00DA0E8E /* DigitExtractor.m in Sources */ = {isa = PBXBuildFile; fileRef = E55707791D7B3DAA00DA0E8E /* DigitExtractor.m */; };
		E557077D1D7CB4CB00DA0E8E /* ClueExtractor.m in Sources */ = {isa = PBXBuildFile; fileRef = E557077C1D7CB4CB00DA0E8E /* ClueExtractor.m */; };
		E55707801D7CB4FC00DA0E8E /* Clue.m in Sources */ = {isa = PBXBuildFile; fileRef = E557077F1D7CB4FC00DA0E8E /* Clue.m */; };
		E55707891D7CCFBB00DA0E8E /* complete_crossword.jpg in Resources */ = {isa = PBXBuildFile; fileRef = E55707871D7CCFBB00DA0E8E /* complete_crossword.jpg */; };
		E557078A1D7CCFBB00DA0E8E /* crossword_across_1.jpg in Resources */ = {isa = PBXBuildFile; fileRef = E55707881D7CCFBB00DA0E8E /* crossword_across_1.jpg */; };
		E557078C1D7D489000DA0E8E /* 53.png in Resources */ = {isa = PBXBuildFile; fileRef = E557078B1D7D489000DA0E8E /* 53.png */; };
		E55707901D83B52100DA0E8E /* CameraViewController.m in Sources */ = {isa = PBXBuildFile; fileRef = E557078F1D83B52100DA0E8E /* CameraViewController.m */; };
		E55707931D83B60100DA0E8E /* ProcessedCrosswordViewController.m in Sources */ = {isa = PBXBuildFile; fileRef = E55707921D83B60100DA0E8E /* ProcessedCrosswordViewController.m */; };
		E55707961D83D2A300DA0E8E /* ClueExtractorViewController.m in Sources */ = {isa = PBXBuildFile; fileRef = E55707951D83D2A300DA0E8E /* ClueExtractorViewController.m */; };
		E55707991D84AA6600DA0E8E /* ProcessedCluesViewController.m in Sources */ = {isa = PBXBuildFile; fileRef = E55707981D84AA6600DA0E8E /* ProcessedCluesViewController.m */; };
		E576CB7D1D73FDF400D0886A /* crossword_grid.png in Resources */ = {isa = PBXBuildFile; fileRef = E576CB7C1D73FDF400D0886A /* crossword_grid.png */; };
		E5793D051D76A16B00123B4C /* CrosswordPuzzle.mm in Sources */ = {isa = PBXBuildFile; fileRef = E5793D041D76A16B00123B4C /* CrosswordPuzzle.mm */; };
		E59DE6C11D7AC35E00D06F81 /* 61.png in Resources */ = {isa = PBXBuildFile; fileRef = E59DE6C01D7AC35E00D06F81 /* 61.png */; };
		E5A25EA11D7AA62900BEED96 /* CoreVideo.framework in Frameworks */ = {isa = PBXBuildFile; fileRef = E5A25EA01D7AA62800BEED96 /* CoreVideo.framework */; };
		E5A25EA31D7AA63200BEED96 /* AssetsLibrary.framework in Frameworks */ = {isa = PBXBuildFile; fileRef = E5A25EA21D7AA63200BEED96 /* AssetsLibrary.framework */; };
		E5A25EA51D7AA63F00BEED96 /* CoreMedia.framework in Frameworks */ = {isa = PBXBuildFile; fileRef = E5A25EA41D7AA63F00BEED96 /* CoreMedia.framework */; };
		E5A25EA71D7AA64D00BEED96 /* AVFoundation.framework in Frameworks */ = {isa = PBXBuildFile; fileRef = E5A25EA61D7AA64D00BEED96 /* AVFoundation.framework */; };
		E5BF4D3B1D73928500954321 /* Foundation.framework in Frameworks */ = {isa = PBXBuildFile; fileRef = E5BF4D3A1D73928500954321 /* Foundation.framework */; };
		E5BF4D3D1D73928500954321 /* CoreGraphics.framework in Frameworks */ = {isa = PBXBuildFile; fileRef = E5BF4D3C1D73928500954321 /* CoreGraphics.framework */; };
		E5BF4D3F1D73928500954321 /* UIKit.framework in Frameworks */ = {isa = PBXBuildFile; fileRef = E5BF4D3E1D73928500954321 /* UIKit.framework */; };
		E5BF4D451D73928500954321 /* InfoPlist.strings in Resources */ = {isa = PBXBuildFile; fileRef = E5BF4D431D73928500954321 /* InfoPlist.strings */; };
		E5BF4D471D73928500954321 /* main.m in Sources */ = {isa = PBXBuildFile; fileRef = E5BF4D461D73928500954321 /* main.m */; };
		E5BF4D4B1D73928500954321 /* AppDelegate.m in Sources */ = {isa = PBXBuildFile; fileRef = E5BF4D4A1D73928500954321 /* AppDelegate.m */; };
		E5BF4D4D1D73928500954321 /* Images.xcassets in Resources */ = {isa = PBXBuildFile; fileRef = E5BF4D4C1D73928500954321 /* Images.xcassets */; };
		E5BF4D541D73928500954321 /* XCTest.framework in Frameworks */ = {isa = PBXBuildFile; fileRef = E5BF4D531D73928500954321 /* XCTest.framework */; };
		E5BF4D551D73928500954321 /* Foundation.framework in Frameworks */ = {isa = PBXBuildFile; fileRef = E5BF4D3A1D73928500954321 /* Foundation.framework */; };
		E5BF4D561D73928500954321 /* UIKit.framework in Frameworks */ = {isa = PBXBuildFile; fileRef = E5BF4D3E1D73928500954321 /* UIKit.framework */; };
		E5BF4D5E1D73928500954321 /* InfoPlist.strings in Resources */ = {isa = PBXBuildFile; fileRef = E5BF4D5C1D73928500954321 /* InfoPlist.strings */; };
		E5BF4D601D73928500954321 /* CrosswordSolverTests.m in Sources */ = {isa = PBXBuildFile; fileRef = E5BF4D5F1D73928500954321 /* CrosswordSolverTests.m */; };
		E5E8D0881D73D119004B6199 /* opencv2.framework in Frameworks */ = {isa = PBXBuildFile; fileRef = E5E8D0871D73D119004B6199 /* opencv2.framework */; };
		E5E8D08B1D73D156004B6199 /* GridProcessor.mm in Sources */ = {isa = PBXBuildFile; fileRef = E5E8D08A1D73D156004B6199 /* GridProcessor.mm */; };
		E5E8D08D1D73D75B004B6199 /* libjpeg.a in Frameworks */ = {isa = PBXBuildFile; fileRef = E5E8D08C1D73D75B004B6199 /* libjpeg.a */; };
/* End PBXBuildFile section */

/* Begin PBXContainerItemProxy section */
		E5BF4D571D73928500954321 /* PBXContainerItemProxy */ = {
			isa = PBXContainerItemProxy;
			containerPortal = E5BF4D2F1D73928500954321 /* Project object */;
			proxyType = 1;
			remoteGlobalIDString = E5BF4D361D73928500954321;
			remoteInfo = CrosswordSolver;
		};
/* End PBXContainerItemProxy section */

/* Begin PBXFileReference section */
		0BCCF7691DC718A9E3A36FB5 /* Pods-CrosswordSolver.release.xcconfig */ = {isa = PBXFileReference; includeInIndex = 1; lastKnownFileType = text.xcconfig; name = "Pods-CrosswordSolver.release.xcconfig"; path = "Pods/Target Support Files/Pods-CrosswordSolver/Pods-CrosswordSolver.release.xcconfig"; sourceTree = "<group>"; };
		28BD855AEDAE417D0FC40542 /* Pods-CrosswordSolver.debug.xcconfig */ = {isa = PBXFileReference; includeInIndex = 1; lastKnownFileType = text.xcconfig; name = "Pods-CrosswordSolver.debug.xcconfig"; path = "Pods/Target Support Files/Pods-CrosswordSolver/Pods-CrosswordSolver.debug.xcconfig"; sourceTree = "<group>"; };
		69FFAA56E94739C9F14238CE /* Pods-CrosswordSolverTests.debug.xcconfig */ = {isa = PBXFileReference; includeInIndex = 1; lastKnownFileType = text.xcconfig; name = "Pods-CrosswordSolverTests.debug.xcconfig"; path = "Pods/Target Support Files/Pods-CrosswordSolverTests/Pods-CrosswordSolverTests.debug.xcconfig"; sourceTree = "<group>"; };
		7D337DC9F6CB41780AE8CF46 /* libPods-CrosswordSolver.a */ = {isa = PBXFileReference; explicitFileType = archive.ar; includeInIndex = 0; path = "libPods-CrosswordSolver.a"; sourceTree = BUILT_PRODUCTS_DIR; };
		AC5D610D54899BC0A35303B3 /* libPods-CrosswordSolverTests.a */ = {isa = PBXFileReference; explicitFileType = archive.ar; includeInIndex = 0; path = "libPods-CrosswordSolverTests.a"; sourceTree = BUILT_PRODUCTS_DIR; };
		AFA84F7AD7737B18308E428B /* Pods-CrosswordSolverTests.release.xcconfig */ = {isa = PBXFileReference; includeInIndex = 1; lastKnownFileType = text.xcconfig; name = "Pods-CrosswordSolverTests.release.xcconfig"; path = "Pods/Target Support Files/Pods-CrosswordSolverTests/Pods-CrosswordSolverTests.release.xcconfig"; sourceTree = "<group>"; };
		E534380F1DA1C2A5006B719F /* ProcessedClueTableViewCell.h */ = {isa = PBXFileReference; fileEncoding = 4; lastKnownFileType = sourcecode.c.h; path = ProcessedClueTableViewCell.h; sourceTree = "<group>"; };
		E53438101DA1C2A5006B719F /* ProcessedClueTableViewCell.m */ = {isa = PBXFileReference; fileEncoding = 4; lastKnownFileType = sourcecode.c.objc; path = ProcessedClueTableViewCell.m; sourceTree = "<group>"; };
		E53438111DA1C2A5006B719F /* ProcessedClueTableViewCell.xib */ = {isa = PBXFileReference; fileEncoding = 4; lastKnownFileType = file.xib; path = ProcessedClueTableViewCell.xib; sourceTree = "<group>"; };
		E55707781D7B3DAA00DA0E8E /* DigitExtractor.h */ = {isa = PBXFileReference; fileEncoding = 4; lastKnownFileType = sourcecode.c.h; path = DigitExtractor.h; sourceTree = "<group>"; };
		E55707791D7B3DAA00DA0E8E /* DigitExtractor.m */ = {isa = PBXFileReference; fileEncoding = 4; lastKnownFileType = sourcecode.c.objc; path = DigitExtractor.m; sourceTree = "<group>"; };
		E557077B1D7CB4CB00DA0E8E /* ClueExtractor.h */ = {isa = PBXFileReference; fileEncoding = 4; lastKnownFileType = sourcecode.c.h; path = ClueExtractor.h; sourceTree = "<group>"; };
		E557077C1D7CB4CB00DA0E8E /* ClueExtractor.m */ = {isa = PBXFileReference; fileEncoding = 4; lastKnownFileType = sourcecode.c.objc; path = ClueExtractor.m; sourceTree = "<group>"; };
		E557077E1D7CB4FC00DA0E8E /* Clue.h */ = {isa = PBXFileReference; fileEncoding = 4; lastKnownFileType = sourcecode.c.h; path = Clue.h; sourceTree = "<group>"; };
		E557077F1D7CB4FC00DA0E8E /* Clue.m */ = {isa = PBXFileReference; fileEncoding = 4; lastKnownFileType = sourcecode.c.objc; path = Clue.m; sourceTree = "<group>"; };
		E55707871D7CCFBB00DA0E8E /* complete_crossword.jpg */ = {isa = PBXFileReference; lastKnownFileType = image.jpeg; path = complete_crossword.jpg; sourceTree = "<group>"; };
		E55707881D7CCFBB00DA0E8E /* crossword_across_1.jpg */ = {isa = PBXFileReference; lastKnownFileType = image.jpeg; path = crossword_across_1.jpg; sourceTree = "<group>"; };
		E557078B1D7D489000DA0E8E /* 53.png */ = {isa = PBXFileReference; lastKnownFileType = image.png; path = 53.png; sourceTree = "<group>"; };
		E557078E1D83B52100DA0E8E /* CameraViewController.h */ = {isa = PBXFileReference; fileEncoding = 4; lastKnownFileType = sourcecode.c.h; path = CameraViewController.h; sourceTree = "<group>"; };
		E557078F1D83B52100DA0E8E /* CameraViewController.m */ = {isa = PBXFileReference; fileEncoding = 4; lastKnownFileType = sourcecode.c.objc; path = CameraViewController.m; sourceTree = "<group>"; };
		E55707911D83B60100DA0E8E /* ProcessedCrosswordViewController.h */ = {isa = PBXFileReference; fileEncoding = 4; lastKnownFileType = sourcecode.c.h; path = ProcessedCrosswordViewController.h; sourceTree = "<group>"; };
		E55707921D83B60100DA0E8E /* ProcessedCrosswordViewController.m */ = {isa = PBXFileReference; fileEncoding = 4; lastKnownFileType = sourcecode.c.objc; path = ProcessedCrosswordViewController.m; sourceTree = "<group>"; };
		E55707941D83D2A300DA0E8E /* ClueExtractorViewController.h */ = {isa = PBXFileReference; fileEncoding = 4; lastKnownFileType = sourcecode.c.h; path = ClueExtractorViewController.h; sourceTree = "<group>"; };
		E55707951D83D2A300DA0E8E /* ClueExtractorViewController.m */ = {isa = PBXFileReference; fileEncoding = 4; lastKnownFileType = sourcecode.c.objc; path = ClueExtractorViewController.m; sourceTree = "<group>"; };
		E55707971D84AA6600DA0E8E /* ProcessedCluesViewController.h */ = {isa = PBXFileReference; fileEncoding = 4; lastKnownFileType = sourcecode.c.h; path = ProcessedCluesViewController.h; sourceTree = "<group>"; };
		E55707981D84AA6600DA0E8E /* ProcessedCluesViewController.m */ = {isa = PBXFileReference; fileEncoding = 4; lastKnownFileType = sourcecode.c.objc; path = ProcessedCluesViewController.m; sourceTree = "<group>"; };
		E576CB7C1D73FDF400D0886A /* crossword_grid.png */ = {isa = PBXFileReference; lastKnownFileType = image.png; name = crossword_grid.png; path = ../crossword_grid.png; sourceTree = "<group>"; };
		E5793D031D76A16B00123B4C /* CrosswordPuzzle.h */ = {isa = PBXFileReference; fileEncoding = 4; lastKnownFileType = sourcecode.c.h; path = CrosswordPuzzle.h; sourceTree = "<group>"; };
		E5793D041D76A16B00123B4C /* CrosswordPuzzle.mm */ = {isa = PBXFileReference; fileEncoding = 4; lastKnownFileType = sourcecode.cpp.objcpp; path = CrosswordPuzzle.mm; sourceTree = "<group>"; };
		E5793F861D7AA3B200123B4C /* tessdata */ = {isa = PBXFileReference; lastKnownFileType = folder; name = tessdata; path = ../tessdata; sourceTree = "<group>"; };
		E59DE6C01D7AC35E00D06F81 /* 61.png */ = {isa = PBXFileReference; lastKnownFileType = image.png; path = 61.png; sourceTree = SOURCE_ROOT; };
		E5A25EA01D7AA62800BEED96 /* CoreVideo.framework */ = {isa = PBXFileReference; lastKnownFileType = wrapper.framework; name = CoreVideo.framework; path = System/Library/Frameworks/CoreVideo.framework; sourceTree = SDKROOT; };
		E5A25EA21D7AA63200BEED96 /* AssetsLibrary.framework */ = {isa = PBXFileReference; lastKnownFileType = wrapper.framework; name = AssetsLibrary.framework; path = System/Library/Frameworks/AssetsLibrary.framework; sourceTree = SDKROOT; };
		E5A25EA41D7AA63F00BEED96 /* CoreMedia.framework */ = {isa = PBXFileReference; lastKnownFileType = wrapper.framework; name = CoreMedia.framework; path = System/Library/Frameworks/CoreMedia.framework; sourceTree = SDKROOT; };
		E5A25EA61D7AA64D00BEED96 /* AVFoundation.framework */ = {isa = PBXFileReference; lastKnownFileType = wrapper.framework; name = AVFoundation.framework; path = System/Library/Frameworks/AVFoundation.framework; sourceTree = SDKROOT; };
		E5BF4D371D73928500954321 /* CrosswordSolver.app */ = {isa = PBXFileReference; explicitFileType = wrapper.application; includeInIndex = 0; path = CrosswordSolver.app; sourceTree = BUILT_PRODUCTS_DIR; };
		E5BF4D3A1D73928500954321 /* Foundation.framework */ = {isa = PBXFileReference; lastKnownFileType = wrapper.framework; name = Foundation.framework; path = System/Library/Frameworks/Foundation.framework; sourceTree = SDKROOT; };
		E5BF4D3C1D73928500954321 /* CoreGraphics.framework */ = {isa = PBXFileReference; lastKnownFileType = wrapper.framework; name = CoreGraphics.framework; path = System/Library/Frameworks/CoreGraphics.framework; sourceTree = SDKROOT; };
		E5BF4D3E1D73928500954321 /* UIKit.framework */ = {isa = PBXFileReference; lastKnownFileType = wrapper.framework; name = UIKit.framework; path = System/Library/Frameworks/UIKit.framework; sourceTree = SDKROOT; };
		E5BF4D421D73928500954321 /* CrosswordSolver-Info.plist */ = {isa = PBXFileReference; lastKnownFileType = text.plist.xml; path = "CrosswordSolver-Info.plist"; sourceTree = "<group>"; };
		E5BF4D441D73928500954321 /* en */ = {isa = PBXFileReference; lastKnownFileType = text.plist.strings; name = en; path = en.lproj/InfoPlist.strings; sourceTree = "<group>"; };
		E5BF4D461D73928500954321 /* main.m */ = {isa = PBXFileReference; lastKnownFileType = sourcecode.c.objc; path = main.m; sourceTree = "<group>"; };
		E5BF4D481D73928500954321 /* CrosswordSolver-Prefix.pch */ = {isa = PBXFileReference; lastKnownFileType = sourcecode.c.h; path = "CrosswordSolver-Prefix.pch"; sourceTree = "<group>"; };
		E5BF4D491D73928500954321 /* AppDelegate.h */ = {isa = PBXFileReference; lastKnownFileType = sourcecode.c.h; path = AppDelegate.h; sourceTree = "<group>"; };
		E5BF4D4A1D73928500954321 /* AppDelegate.m */ = {isa = PBXFileReference; lastKnownFileType = sourcecode.c.objc; path = AppDelegate.m; sourceTree = "<group>"; };
		E5BF4D4C1D73928500954321 /* Images.xcassets */ = {isa = PBXFileReference; lastKnownFileType = folder.assetcatalog; path = Images.xcassets; sourceTree = "<group>"; };
		E5BF4D521D73928500954321 /* CrosswordSolverTests.xctest */ = {isa = PBXFileReference; explicitFileType = wrapper.cfbundle; includeInIndex = 0; path = CrosswordSolverTests.xctest; sourceTree = BUILT_PRODUCTS_DIR; };
		E5BF4D531D73928500954321 /* XCTest.framework */ = {isa = PBXFileReference; lastKnownFileType = wrapper.framework; name = XCTest.framework; path = Library/Frameworks/XCTest.framework; sourceTree = DEVELOPER_DIR; };
		E5BF4D5B1D73928500954321 /* CrosswordSolverTests-Info.plist */ = {isa = PBXFileReference; lastKnownFileType = text.plist.xml; path = "CrosswordSolverTests-Info.plist"; sourceTree = "<group>"; };
		E5BF4D5D1D73928500954321 /* en */ = {isa = PBXFileReference; lastKnownFileType = text.plist.strings; name = en; path = en.lproj/InfoPlist.strings; sourceTree = "<group>"; };
		E5BF4D5F1D73928500954321 /* CrosswordSolverTests.m */ = {isa = PBXFileReference; lastKnownFileType = sourcecode.c.objc; path = CrosswordSolverTests.m; sourceTree = "<group>"; };
		E5E8D0871D73D119004B6199 /* opencv2.framework */ = {isa = PBXFileReference; lastKnownFileType = wrapper.framework; path = opencv2.framework; sourceTree = "<group>"; };
		E5E8D0891D73D156004B6199 /* GridProcessor.h */ = {isa = PBXFileReference; fileEncoding = 4; lastKnownFileType = sourcecode.c.h; path = GridProcessor.h; sourceTree = "<group>"; };
		E5E8D08A1D73D156004B6199 /* GridProcessor.mm */ = {isa = PBXFileReference; fileEncoding = 4; lastKnownFileType = sourcecode.cpp.objcpp; path = GridProcessor.mm; sourceTree = "<group>"; };
		E5E8D08C1D73D75B004B6199 /* libjpeg.a */ = {isa = PBXFileReference; lastKnownFileType = archive.ar; path = libjpeg.a; sourceTree = "<group>"; };
/* End PBXFileReference section */

/* Begin PBXFrameworksBuildPhase section */
		E5BF4D341D73928500954321 /* Frameworks */ = {
			isa = PBXFrameworksBuildPhase;
			buildActionMask = 2147483647;
			files = (
				E5A25EA71D7AA64D00BEED96 /* AVFoundation.framework in Frameworks */,
				E5A25EA51D7AA63F00BEED96 /* CoreMedia.framework in Frameworks */,
				E5A25EA31D7AA63200BEED96 /* AssetsLibrary.framework in Frameworks */,
				E5A25EA11D7AA62900BEED96 /* CoreVideo.framework in Frameworks */,
				E5E8D08D1D73D75B004B6199 /* libjpeg.a in Frameworks */,
				E5E8D0881D73D119004B6199 /* opencv2.framework in Frameworks */,
				E5BF4D3D1D73928500954321 /* CoreGraphics.framework in Frameworks */,
				E5BF4D3F1D73928500954321 /* UIKit.framework in Frameworks */,
				E5BF4D3B1D73928500954321 /* Foundation.framework in Frameworks */,
				A0C104370BE6DC2D649CF7F9 /* libPods-CrosswordSolver.a in Frameworks */,
			);
			runOnlyForDeploymentPostprocessing = 0;
		};
		E5BF4D4F1D73928500954321 /* Frameworks */ = {
			isa = PBXFrameworksBuildPhase;
			buildActionMask = 2147483647;
			files = (
				E5BF4D541D73928500954321 /* XCTest.framework in Frameworks */,
				E5BF4D561D73928500954321 /* UIKit.framework in Frameworks */,
				E5BF4D551D73928500954321 /* Foundation.framework in Frameworks */,
				07042001E0D1A31761702B1C /* libPods-CrosswordSolverTests.a in Frameworks */,
			);
			runOnlyForDeploymentPostprocessing = 0;
		};
/* End PBXFrameworksBuildPhase section */

/* Begin PBXGroup section */
		A5EBE19074921CB49C2D21D0 /* Pods */ = {
			isa = PBXGroup;
			children = (
				28BD855AEDAE417D0FC40542 /* Pods-CrosswordSolver.debug.xcconfig */,
				0BCCF7691DC718A9E3A36FB5 /* Pods-CrosswordSolver.release.xcconfig */,
				69FFAA56E94739C9F14238CE /* Pods-CrosswordSolverTests.debug.xcconfig */,
				AFA84F7AD7737B18308E428B /* Pods-CrosswordSolverTests.release.xcconfig */,
			);
			name = Pods;
			sourceTree = "<group>";
		};
		E534380B1DA03EA6006B719F /* TableViewCells */ = {
			isa = PBXGroup;
			children = (
				E534380F1DA1C2A5006B719F /* ProcessedClueTableViewCell.h */,
				E53438101DA1C2A5006B719F /* ProcessedClueTableViewCell.m */,
				E53438111DA1C2A5006B719F /* ProcessedClueTableViewCell.xib */,
			);
			name = TableViewCells;
			sourceTree = "<group>";
		};
		E557078D1D83B50700DA0E8E /* ViewControllers */ = {
			isa = PBXGroup;
			children = (
				E557078E1D83B52100DA0E8E /* CameraViewController.h */,
				E557078F1D83B52100DA0E8E /* CameraViewController.m */,
				E55707911D83B60100DA0E8E /* ProcessedCrosswordViewController.h */,
				E55707921D83B60100DA0E8E /* ProcessedCrosswordViewController.m */,
				E55707941D83D2A300DA0E8E /* ClueExtractorViewController.h */,
				E55707951D83D2A300DA0E8E /* ClueExtractorViewController.m */,
				E55707971D84AA6600DA0E8E /* ProcessedCluesViewController.h */,
				E55707981D84AA6600DA0E8E /* ProcessedCluesViewController.m */,
			);
			name = ViewControllers;
			sourceTree = "<group>";
		};
		E5BF4D2E1D73928500954321 = {
			isa = PBXGroup;
			children = (
				E5793F861D7AA3B200123B4C /* tessdata */,
				E5BF4D401D73928500954321 /* CrosswordSolver */,
				E5BF4D591D73928500954321 /* CrosswordSolverTests */,
				E5BF4D391D73928500954321 /* Frameworks */,
				E5BF4D381D73928500954321 /* Products */,
				A5EBE19074921CB49C2D21D0 /* Pods */,
			);
			sourceTree = "<group>";
		};
		E5BF4D381D73928500954321 /* Products */ = {
			isa = PBXGroup;
			children = (
				E5BF4D371D73928500954321 /* CrosswordSolver.app */,
				E5BF4D521D73928500954321 /* CrosswordSolverTests.xctest */,
			);
			name = Products;
			sourceTree = "<group>";
		};
		E5BF4D391D73928500954321 /* Frameworks */ = {
			isa = PBXGroup;
			children = (
				E5A25EA61D7AA64D00BEED96 /* AVFoundation.framework */,
				E5A25EA41D7AA63F00BEED96 /* CoreMedia.framework */,
				E5A25EA21D7AA63200BEED96 /* AssetsLibrary.framework */,
				E5A25EA01D7AA62800BEED96 /* CoreVideo.framework */,
				E5E8D08C1D73D75B004B6199 /* libjpeg.a */,
				E5E8D0871D73D119004B6199 /* opencv2.framework */,
				E5BF4D3A1D73928500954321 /* Foundation.framework */,
				E5BF4D3C1D73928500954321 /* CoreGraphics.framework */,
				E5BF4D3E1D73928500954321 /* UIKit.framework */,
				E5BF4D531D73928500954321 /* XCTest.framework */,
				7D337DC9F6CB41780AE8CF46 /* libPods-CrosswordSolver.a */,
				AC5D610D54899BC0A35303B3 /* libPods-CrosswordSolverTests.a */,
			);
			name = Frameworks;
			sourceTree = "<group>";
		};
		E5BF4D401D73928500954321 /* CrosswordSolver */ = {
			isa = PBXGroup;
			children = (
				E534380B1DA03EA6006B719F /* TableViewCells */,
				E557078D1D83B50700DA0E8E /* ViewControllers */,
				E5BF4D491D73928500954321 /* AppDelegate.h */,
				E5BF4D4A1D73928500954321 /* AppDelegate.m */,
				E5E8D0891D73D156004B6199 /* GridProcessor.h */,
				E5E8D08A1D73D156004B6199 /* GridProcessor.mm */,
				E55707781D7B3DAA00DA0E8E /* DigitExtractor.h */,
				E55707791D7B3DAA00DA0E8E /* DigitExtractor.m */,
				E557077B1D7CB4CB00DA0E8E /* ClueExtractor.h */,
				E557077C1D7CB4CB00DA0E8E /* ClueExtractor.m */,
				E557077E1D7CB4FC00DA0E8E /* Clue.h */,
				E557077F1D7CB4FC00DA0E8E /* Clue.m */,
				E5793D031D76A16B00123B4C /* CrosswordPuzzle.h */,
				E5793D041D76A16B00123B4C /* CrosswordPuzzle.mm */,
				E5BF4D4C1D73928500954321 /* Images.xcassets */,
				E5BF4D411D73928500954321 /* Supporting Files */,
			);
			path = CrosswordSolver;
			sourceTree = "<group>";
		};
		E5BF4D411D73928500954321 /* Supporting Files */ = {
			isa = PBXGroup;
			children = (
				E557078B1D7D489000DA0E8E /* 53.png */,
				E55707871D7CCFBB00DA0E8E /* complete_crossword.jpg */,
				E55707881D7CCFBB00DA0E8E /* crossword_across_1.jpg */,
				E59DE6C01D7AC35E00D06F81 /* 61.png */,
				E576CB7C1D73FDF400D0886A /* crossword_grid.png */,
				E5BF4D421D73928500954321 /* CrosswordSolver-Info.plist */,
				E5BF4D431D73928500954321 /* InfoPlist.strings */,
				E5BF4D461D73928500954321 /* main.m */,
				E5BF4D481D73928500954321 /* CrosswordSolver-Prefix.pch */,
			);
			name = "Supporting Files";
			sourceTree = "<group>";
		};
		E5BF4D591D73928500954321 /* CrosswordSolverTests */ = {
			isa = PBXGroup;
			children = (
				E5BF4D5F1D73928500954321 /* CrosswordSolverTests.m */,
				E5BF4D5A1D73928500954321 /* Supporting Files */,
			);
			path = CrosswordSolverTests;
			sourceTree = "<group>";
		};
		E5BF4D5A1D73928500954321 /* Supporting Files */ = {
			isa = PBXGroup;
			children = (
				E5BF4D5B1D73928500954321 /* CrosswordSolverTests-Info.plist */,
				E5BF4D5C1D73928500954321 /* InfoPlist.strings */,
			);
			name = "Supporting Files";
			sourceTree = "<group>";
		};
/* End PBXGroup section */

/* Begin PBXNativeTarget section */
		E5BF4D361D73928500954321 /* CrosswordSolver */ = {
			isa = PBXNativeTarget;
			buildConfigurationList = E5BF4D631D73928500954321 /* Build configuration list for PBXNativeTarget "CrosswordSolver" */;
			buildPhases = (
				A39504B19F3D3DB4FBAAA011 /* [CP] Check Pods Manifest.lock */,
				E5BF4D331D73928500954321 /* Sources */,
				E5BF4D341D73928500954321 /* Frameworks */,
				E5BF4D351D73928500954321 /* Resources */,
				B257412AADFF7CA3168FA802 /* [CP] Embed Pods Frameworks */,
				075CD03E30F9EEB2CD4A629B /* [CP] Copy Pods Resources */,
			);
			buildRules = (
			);
			dependencies = (
			);
			name = CrosswordSolver;
			productName = CrosswordSolver;
			productReference = E5BF4D371D73928500954321 /* CrosswordSolver.app */;
			productType = "com.apple.product-type.application";
		};
		E5BF4D511D73928500954321 /* CrosswordSolverTests */ = {
			isa = PBXNativeTarget;
			buildConfigurationList = E5BF4D661D73928500954321 /* Build configuration list for PBXNativeTarget "CrosswordSolverTests" */;
			buildPhases = (
				DDF3A60EA77ECFE07CA787EC /* [CP] Check Pods Manifest.lock */,
				E5BF4D4E1D73928500954321 /* Sources */,
				E5BF4D4F1D73928500954321 /* Frameworks */,
				E5BF4D501D73928500954321 /* Resources */,
				4BF953697C99021F4BD1D343 /* [CP] Embed Pods Frameworks */,
				1DC55A780A993EFF16CD956F /* [CP] Copy Pods Resources */,
			);
			buildRules = (
			);
			dependencies = (
				E5BF4D581D73928500954321 /* PBXTargetDependency */,
			);
			name = CrosswordSolverTests;
			productName = CrosswordSolverTests;
			productReference = E5BF4D521D73928500954321 /* CrosswordSolverTests.xctest */;
			productType = "com.apple.product-type.bundle.unit-test";
		};
/* End PBXNativeTarget section */

/* Begin PBXProject section */
		E5BF4D2F1D73928500954321 /* Project object */ = {
			isa = PBXProject;
			attributes = {
				LastUpgradeCheck = 0510;
				ORGANIZATIONNAME = "___PrabhatKiranBharathidhasan___";
				TargetAttributes = {
					E5BF4D511D73928500954321 = {
						TestTargetID = E5BF4D361D73928500954321;
					};
				};
			};
			buildConfigurationList = E5BF4D321D73928500954321 /* Build configuration list for PBXProject "CrosswordSolver" */;
			compatibilityVersion = "Xcode 3.2";
			developmentRegion = English;
			hasScannedForEncodings = 0;
			knownRegions = (
				en,
			);
			mainGroup = E5BF4D2E1D73928500954321;
			productRefGroup = E5BF4D381D73928500954321 /* Products */;
			projectDirPath = "";
			projectRoot = "";
			targets = (
				E5BF4D361D73928500954321 /* CrosswordSolver */,
				E5BF4D511D73928500954321 /* CrosswordSolverTests */,
			);
		};
/* End PBXProject section */

/* Begin PBXResourcesBuildPhase section */
		E5BF4D351D73928500954321 /* Resources */ = {
			isa = PBXResourcesBuildPhase;
			buildActionMask = 2147483647;
			files = (
				E59DE6C11D7AC35E00D06F81 /* 61.png in Resources */,
				E557078C1D7D489000DA0E8E /* 53.png in Resources */,
				E55707891D7CCFBB00DA0E8E /* complete_crossword.jpg in Resources */,
				E530707E1D7AAE9A009C8BB6 /* tessdata in Resources */,
				E576CB7D1D73FDF400D0886A /* crossword_grid.png in Resources */,
				E557078A1D7CCFBB00DA0E8E /* crossword_across_1.jpg in Resources */,
				E5BF4D451D73928500954321 /* InfoPlist.strings in Resources */,
				E5BF4D4D1D73928500954321 /* Images.xcassets in Resources */,
				E53438131DA1C2A5006B719F /* ProcessedClueTableViewCell.xib in Resources */,
			);
			runOnlyForDeploymentPostprocessing = 0;
		};
		E5BF4D501D73928500954321 /* Resources */ = {
			isa = PBXResourcesBuildPhase;
			buildActionMask = 2147483647;
			files = (
				E5BF4D5E1D73928500954321 /* InfoPlist.strings in Resources */,
			);
			runOnlyForDeploymentPostprocessing = 0;
		};
/* End PBXResourcesBuildPhase section */

/* Begin PBXShellScriptBuildPhase section */
		075CD03E30F9EEB2CD4A629B /* [CP] Copy Pods Resources */ = {
			isa = PBXShellScriptBuildPhase;
			buildActionMask = 2147483647;
			files = (
			);
			inputPaths = (
			);
			name = "[CP] Copy Pods Resources";
			outputPaths = (
			);
			runOnlyForDeploymentPostprocessing = 0;
			shellPath = /bin/sh;
			shellScript = "\"${SRCROOT}/Pods/Target Support Files/Pods-CrosswordSolver/Pods-CrosswordSolver-resources.sh\"\n";
			showEnvVarsInLog = 0;
		};
		1DC55A780A993EFF16CD956F /* [CP] Copy Pods Resources */ = {
			isa = PBXShellScriptBuildPhase;
			buildActionMask = 2147483647;
			files = (
			);
			inputPaths = (
			);
			name = "[CP] Copy Pods Resources";
			outputPaths = (
			);
			runOnlyForDeploymentPostprocessing = 0;
			shellPath = /bin/sh;
			shellScript = "\"${SRCROOT}/Pods/Target Support Files/Pods-CrosswordSolverTests/Pods-CrosswordSolverTests-resources.sh\"\n";
			showEnvVarsInLog = 0;
		};
		4BF953697C99021F4BD1D343 /* [CP] Embed Pods Frameworks */ = {
			isa = PBXShellScriptBuildPhase;
			buildActionMask = 2147483647;
			files = (
			);
			inputPaths = (
			);
			name = "[CP] Embed Pods Frameworks";
			outputPaths = (
			);
			runOnlyForDeploymentPostprocessing = 0;
			shellPath = /bin/sh;
			shellScript = "\"${SRCROOT}/Pods/Target Support Files/Pods-CrosswordSolverTests/Pods-CrosswordSolverTests-frameworks.sh\"\n";
			showEnvVarsInLog = 0;
		};
		A39504B19F3D3DB4FBAAA011 /* [CP] Check Pods Manifest.lock */ = {
			isa = PBXShellScriptBuildPhase;
			buildActionMask = 2147483647;
			files = (
			);
			inputPaths = (
			);
			name = "[CP] Check Pods Manifest.lock";
			outputPaths = (
			);
			runOnlyForDeploymentPostprocessing = 0;
			shellPath = /bin/sh;
			shellScript = "diff \"${PODS_ROOT}/../Podfile.lock\" \"${PODS_ROOT}/Manifest.lock\" > /dev/null\nif [[ $? != 0 ]] ; then\n    cat << EOM\nerror: The sandbox is not in sync with the Podfile.lock. Run 'pod install' or update your CocoaPods installation.\nEOM\n    exit 1\nfi\n";
			showEnvVarsInLog = 0;
		};
		B257412AADFF7CA3168FA802 /* [CP] Embed Pods Frameworks */ = {
			isa = PBXShellScriptBuildPhase;
			buildActionMask = 2147483647;
			files = (
			);
			inputPaths = (
			);
			name = "[CP] Embed Pods Frameworks";
			outputPaths = (
			);
			runOnlyForDeploymentPostprocessing = 0;
			shellPath = /bin/sh;
			shellScript = "\"${SRCROOT}/Pods/Target Support Files/Pods-CrosswordSolver/Pods-CrosswordSolver-frameworks.sh\"\n";
			showEnvVarsInLog = 0;
		};
		DDF3A60EA77ECFE07CA787EC /* [CP] Check Pods Manifest.lock */ = {
			isa = PBXShellScriptBuildPhase;
			buildActionMask = 2147483647;
			files = (
			);
			inputPaths = (
			);
			name = "[CP] Check Pods Manifest.lock";
			outputPaths = (
			);
			runOnlyForDeploymentPostprocessing = 0;
			shellPath = /bin/sh;
			shellScript = "diff \"${PODS_ROOT}/../Podfile.lock\" \"${PODS_ROOT}/Manifest.lock\" > /dev/null\nif [[ $? != 0 ]] ; then\n    cat << EOM\nerror: The sandbox is not in sync with the Podfile.lock. Run 'pod install' or update your CocoaPods installation.\nEOM\n    exit 1\nfi\n";
			showEnvVarsInLog = 0;
		};
/* End PBXShellScriptBuildPhase section */

/* Begin PBXSourcesBuildPhase section */
		E5BF4D331D73928500954321 /* Sources */ = {
			isa = PBXSourcesBuildPhase;
			buildActionMask = 2147483647;
			files = (
				E557077A1D7B3DAA00DA0E8E /* DigitExtractor.m in Sources */,
				E55707901D83B52100DA0E8E /* CameraViewController.m in Sources */,
				E5793D051D76A16B00123B4C /* CrosswordPuzzle.mm in Sources */,
				E53438121DA1C2A5006B719F /* ProcessedClueTableViewCell.m in Sources */,
				E55707991D84AA6600DA0E8E /* ProcessedCluesViewController.m in Sources */,
				E55707801D7CB4FC00DA0E8E /* Clue.m in Sources */,
				E5BF4D4B1D73928500954321 /* AppDelegate.m in Sources */,
				E5E8D08B1D73D156004B6199 /* GridProcessor.mm in Sources */,
				E5BF4D471D73928500954321 /* main.m in Sources */,
				E557077D1D7CB4CB00DA0E8E /* ClueExtractor.m in Sources */,
				E55707961D83D2A300DA0E8E /* ClueExtractorViewController.m in Sources */,
				E55707931D83B60100DA0E8E /* ProcessedCrosswordViewController.m in Sources */,
			);
			runOnlyForDeploymentPostprocessing = 0;
		};
		E5BF4D4E1D73928500954321 /* Sources */ = {
			isa = PBXSourcesBuildPhase;
			buildActionMask = 2147483647;
			files = (
				E5BF4D601D73928500954321 /* CrosswordSolverTests.m in Sources */,
			);
			runOnlyForDeploymentPostprocessing = 0;
		};
/* End PBXSourcesBuildPhase section */

/* Begin PBXTargetDependency section */
		E5BF4D581D73928500954321 /* PBXTargetDependency */ = {
			isa = PBXTargetDependency;
			target = E5BF4D361D73928500954321 /* CrosswordSolver */;
			targetProxy = E5BF4D571D73928500954321 /* PBXContainerItemProxy */;
		};
/* End PBXTargetDependency section */

/* Begin PBXVariantGroup section */
		E5BF4D431D73928500954321 /* InfoPlist.strings */ = {
			isa = PBXVariantGroup;
			children = (
				E5BF4D441D73928500954321 /* en */,
			);
			name = InfoPlist.strings;
			sourceTree = "<group>";
		};
		E5BF4D5C1D73928500954321 /* InfoPlist.strings */ = {
			isa = PBXVariantGroup;
			children = (
				E5BF4D5D1D73928500954321 /* en */,
			);
			name = InfoPlist.strings;
			sourceTree = "<group>";
		};
/* End PBXVariantGroup section */

/* Begin XCBuildConfiguration section */
		E5BF4D611D73928500954321 /* Debug */ = {
			isa = XCBuildConfiguration;
			buildSettings = {
				ALWAYS_SEARCH_USER_PATHS = NO;
				CLANG_CXX_LANGUAGE_STANDARD = "gnu++0x";
				CLANG_CXX_LIBRARY = "libc++";
				CLANG_ENABLE_MODULES = YES;
				CLANG_ENABLE_OBJC_ARC = YES;
				CLANG_WARN_BOOL_CONVERSION = YES;
				CLANG_WARN_CONSTANT_CONVERSION = YES;
				CLANG_WARN_DIRECT_OBJC_ISA_USAGE = YES_ERROR;
				CLANG_WARN_EMPTY_BODY = YES;
				CLANG_WARN_ENUM_CONVERSION = YES;
				CLANG_WARN_INT_CONVERSION = YES;
				CLANG_WARN_OBJC_ROOT_CLASS = YES_ERROR;
				CLANG_WARN__DUPLICATE_METHOD_MATCH = YES;
				"CODE_SIGN_IDENTITY[sdk=iphoneos*]" = "iPhone Developer";
				COPY_PHASE_STRIP = NO;
				GCC_C_LANGUAGE_STANDARD = gnu99;
				GCC_DYNAMIC_NO_PIC = NO;
				GCC_OPTIMIZATION_LEVEL = 0;
				GCC_PREPROCESSOR_DEFINITIONS = (
					"DEBUG=1",
					"$(inherited)",
				);
				GCC_SYMBOLS_PRIVATE_EXTERN = NO;
				GCC_WARN_64_TO_32_BIT_CONVERSION = YES;
				GCC_WARN_ABOUT_RETURN_TYPE = YES_ERROR;
				GCC_WARN_UNDECLARED_SELECTOR = YES;
				GCC_WARN_UNINITIALIZED_AUTOS = YES_AGGRESSIVE;
				GCC_WARN_UNUSED_FUNCTION = YES;
				GCC_WARN_UNUSED_VARIABLE = YES;
				IPHONEOS_DEPLOYMENT_TARGET = 7.1;
				ONLY_ACTIVE_ARCH = YES;
				SDKROOT = iphoneos;
			};
			name = Debug;
		};
		E5BF4D621D73928500954321 /* Release */ = {
			isa = XCBuildConfiguration;
			buildSettings = {
				ALWAYS_SEARCH_USER_PATHS = NO;
				CLANG_CXX_LANGUAGE_STANDARD = "gnu++0x";
				CLANG_CXX_LIBRARY = "libc++";
				CLANG_ENABLE_MODULES = YES;
				CLANG_ENABLE_OBJC_ARC = YES;
				CLANG_WARN_BOOL_CONVERSION = YES;
				CLANG_WARN_CONSTANT_CONVERSION = YES;
				CLANG_WARN_DIRECT_OBJC_ISA_USAGE = YES_ERROR;
				CLANG_WARN_EMPTY_BODY = YES;
				CLANG_WARN_ENUM_CONVERSION = YES;
				CLANG_WARN_INT_CONVERSION = YES;
				CLANG_WARN_OBJC_ROOT_CLASS = YES_ERROR;
				CLANG_WARN__DUPLICATE_METHOD_MATCH = YES;
				"CODE_SIGN_IDENTITY[sdk=iphoneos*]" = "iPhone Developer";
				COPY_PHASE_STRIP = YES;
				ENABLE_NS_ASSERTIONS = NO;
				GCC_C_LANGUAGE_STANDARD = gnu99;
				GCC_WARN_64_TO_32_BIT_CONVERSION = YES;
				GCC_WARN_ABOUT_RETURN_TYPE = YES_ERROR;
				GCC_WARN_UNDECLARED_SELECTOR = YES;
				GCC_WARN_UNINITIALIZED_AUTOS = YES_AGGRESSIVE;
				GCC_WARN_UNUSED_FUNCTION = YES;
				GCC_WARN_UNUSED_VARIABLE = YES;
				IPHONEOS_DEPLOYMENT_TARGET = 7.1;
				SDKROOT = iphoneos;
				VALIDATE_PRODUCT = YES;
			};
			name = Release;
		};
		E5BF4D641D73928500954321 /* Debug */ = {
			isa = XCBuildConfiguration;
			baseConfigurationReference = 28BD855AEDAE417D0FC40542 /* Pods-CrosswordSolver.debug.xcconfig */;
			buildSettings = {
				ASSETCATALOG_COMPILER_APPICON_NAME = AppIcon;
				ASSETCATALOG_COMPILER_LAUNCHIMAGE_NAME = LaunchImage;
				FRAMEWORK_SEARCH_PATHS = (
					"$(inherited)",
					"$(PROJECT_DIR)",
				);
				GCC_PRECOMPILE_PREFIX_HEADER = YES;
				GCC_PREFIX_HEADER = "CrosswordSolver/CrosswordSolver-Prefix.pch";
				INFOPLIST_FILE = "CrosswordSolver/CrosswordSolver-Info.plist";
				LIBRARY_SEARCH_PATHS = (
					"$(inherited)",
					"$(PROJECT_DIR)",
				);
				PRODUCT_NAME = "$(TARGET_NAME)";
				WRAPPER_EXTENSION = app;
			};
			name = Debug;
		};
		E5BF4D651D73928500954321 /* Release */ = {
			isa = XCBuildConfiguration;
			baseConfigurationReference = 0BCCF7691DC718A9E3A36FB5 /* Pods-CrosswordSolver.release.xcconfig */;
			buildSettings = {
				ASSETCATALOG_COMPILER_APPICON_NAME = AppIcon;
				ASSETCATALOG_COMPILER_LAUNCHIMAGE_NAME = LaunchImage;
				FRAMEWORK_SEARCH_PATHS = (
					"$(inherited)",
					"$(PROJECT_DIR)",
				);
				GCC_PRECOMPILE_PREFIX_HEADER = YES;
				GCC_PREFIX_HEADER = "CrosswordSolver/CrosswordSolver-Prefix.pch";
				INFOPLIST_FILE = "CrosswordSolver/CrosswordSolver-Info.plist";
				LIBRARY_SEARCH_PATHS = (
					"$(inherited)",
					"$(PROJECT_DIR)",
				);
				PRODUCT_NAME = "$(TARGET_NAME)";
				WRAPPER_EXTENSION = app;
			};
			name = Release;
		};
		E5BF4D671D73928500954321 /* Debug */ = {
			isa = XCBuildConfiguration;
			baseConfigurationReference = 69FFAA56E94739C9F14238CE /* Pods-CrosswordSolverTests.debug.xcconfig */;
			buildSettings = {
				BUNDLE_LOADER = "$(BUILT_PRODUCTS_DIR)/CrosswordSolver.app/CrosswordSolver";
				FRAMEWORK_SEARCH_PATHS = (
					"$(SDKROOT)/Developer/Library/Frameworks",
					"$(inherited)",
					"$(DEVELOPER_FRAMEWORKS_DIR)",
				);
				GCC_PRECOMPILE_PREFIX_HEADER = YES;
				GCC_PREFIX_HEADER = "CrosswordSolver/CrosswordSolver-Prefix.pch";
				GCC_PREPROCESSOR_DEFINITIONS = (
					"DEBUG=1",
					"$(inherited)",
				);
				INFOPLIST_FILE = "CrosswordSolverTests/CrosswordSolverTests-Info.plist";
				PRODUCT_NAME = "$(TARGET_NAME)";
				TEST_HOST = "$(BUNDLE_LOADER)";
				WRAPPER_EXTENSION = xctest;
			};
			name = Debug;
		};
		E5BF4D681D73928500954321 /* Release */ = {
			isa = XCBuildConfiguration;
			baseConfigurationReference = AFA84F7AD7737B18308E428B /* Pods-CrosswordSolverTests.release.xcconfig */;
			buildSettings = {
				BUNDLE_LOADER = "$(BUILT_PRODUCTS_DIR)/CrosswordSolver.app/CrosswordSolver";
				FRAMEWORK_SEARCH_PATHS = (
					"$(SDKROOT)/Developer/Library/Frameworks",
					"$(inherited)",
					"$(DEVELOPER_FRAMEWORKS_DIR)",
				);
				GCC_PRECOMPILE_PREFIX_HEADER = YES;
				GCC_PREFIX_HEADER = "CrosswordSolver/CrosswordSolver-Prefix.pch";
				INFOPLIST_FILE = "CrosswordSolverTests/CrosswordSolverTests-Info.plist";
				PRODUCT_NAME = "$(TARGET_NAME)";
				TEST_HOST = "$(BUNDLE_LOADER)";
				WRAPPER_EXTENSION = xctest;
			};
			name = Release;
		};
/* End XCBuildConfiguration section */

/* Begin XCConfigurationList section */
		E5BF4D321D73928500954321 /* Build configuration list for PBXProject "CrosswordSolver" */ = {
			isa = XCConfigurationList;
			buildConfigurations = (
				E5BF4D611D73928500954321 /* Debug */,
				E5BF4D621D73928500954321 /* Release */,
			);
			defaultConfigurationIsVisible = 0;
			defaultConfigurationName = Release;
		};
		E5BF4D631D73928500954321 /* Build configuration list for PBXNativeTarget "CrosswordSolver" */ = {
			isa = XCConfigurationList;
			buildConfigurations = (
				E5BF4D641D73928500954321 /* Debug */,
				E5BF4D651D73928500954321 /* Release */,
			);
			defaultConfigurationIsVisible = 0;
			defaultConfigurationName = Release;
		};
		E5BF4D661D73928500954321 /* Build configuration list for PBXNativeTarget "CrosswordSolverTests" */ = {
			isa = XCConfigurationList;
			buildConfigurations = (
				E5BF4D671D73928500954321 /* Debug */,
				E5BF4D681D73928500954321 /* Release */,
			);
			defaultConfigurationIsVisible = 0;
			defaultConfigurationName = Release;
		};
/* End XCConfigurationList section */
	};
	rootObject = E5BF4D2F1D73928500954321 /* Project object */;
}
